
Microsoft Visual Studio Solution File, Format Version 12.00
# Visual Studio Version 17
VisualStudioVersion = 17.11.35327.3
MinimumVisualStudioVersion = 10.0.40219.1
Project("{FAE04EC0-301F-11D3-BF4B-00C04F79EFBC}") = "presentation_Layer", "CuoiKi\presentation_Layer.csproj", "{2D9541BA-9482-418C-AB04-938044E20978}"
EndProject
Project("{FAE04EC0-301F-11D3-BF4B-00C04F79EFBC}") = "Business_Layer", "Business_Layer\Business_Layer.csproj", "{C132D865-0B42-4A86-AA35-08036D33A882}"
EndProject
Project("{FAE04EC0-301F-11D3-BF4B-00C04F79EFBC}") = "Data_Layer", "Data_Layer\Data_Layer.csproj", "{DE085C9A-9517-4667-A1A9-80D409205CA6}"
EndProject
Global
	GlobalSection(SolutionConfigurationPlatforms) = preSolution
		Debug|Any CPU = Debug|Any CPU
		Release|Any CPU = Release|Any CPU
	EndGlobalSection
	GlobalSection(ProjectConfigurationPlatforms) = postSolution
		{2D9541BA-9482-418C-AB04-938044E20978}.Debug|Any CPU.ActiveCfg = Debug|Any CPU
		{2D9541BA-9482-418C-AB04-938044E20978}.Debug|Any CPU.Build.0 = Debug|Any CPU
		{2D9541BA-9482-418C-AB04-938044E20978}.Release|Any CPU.ActiveCfg = Release|Any CPU
		{2D9541BA-9482-418C-AB04-938044E20978}.Release|Any CPU.Build.0 = Release|Any CPU
		{C132D865-0B42-4A86-AA35-08036D33A882}.Debug|Any CPU.ActiveCfg = Debug|Any CPU
		{C132D865-0B42-4A86-AA35-08036D33A882}.Debug|Any CPU.Build.0 = Debug|Any CPU
		{C132D865-0B42-4A86-AA35-08036D33A882}.Release|Any CPU.ActiveCfg = Release|Any CPU
		{C132D865-0B42-4A86-AA35-08036D33A882}.Release|Any CPU.Build.0 = Release|Any CPU
		{DE085C9A-9517-4667-A1A9-80D409205CA6}.Debug|Any CPU.ActiveCfg = Debug|Any CPU
		{DE085C9A-9517-4667-A1A9-80D409205CA6}.Debug|Any CPU.Build.0 = Debug|Any CPU
		{DE085C9A-9517-4667-A1A9-80D409205CA6}.Release|Any CPU.ActiveCfg = Release|Any CPU
		{DE085C9A-9517-4667-A1A9-80D409205CA6}.Release|Any CPU.Build.0 = Release|Any CPU
	EndGlobalSection
	GlobalSection(SolutionProperties) = preSolution
		HideSolutionNode = FALSE
	EndGlobalSection
	GlobalSection(ExtensibilityGlobals) = postSolution
		SolutionGuid = {17EF6ADD-A80A-427E-9156-7F63DBA8D22C}
	EndGlobalSection
EndGlobal
